{
  "version": 4,
  "terraform_version": "1.11.1",
  "serial": 17,
  "lineage": "4ccde40c-bd11-3d9b-8757-04c70ccf100d",
  "outputs": {
    "private_key": {
      "value": "-----BEGIN RSA PRIVATE KEY-----\nMIIJKAIBAAKCAgEAycPssEr8RPLibBSDTdkADnhNLHUO6DLOp4atwbnEM2CcfgAg\nUa/3holpIfjwDeOwvwZtZPaoapCHH8+Bo0H9tH6BplVj8UfCJn7WhAPDRpUUWvpX\nDjf7xYym+TzmVGGGfBIy/OhX4Jv9c1zsiwdRKanPvxp8dcd363E3E0bNjUpqdSGm\nHqUhvhHYvmLtvUwuQtRTqo9gTaUGQDh6DgWBh7aFrLdf5btO3tpWylLDwlR1+oTX\nvXV/6YexwM7njBzOvaVAJNRrQP7qCgfnOZQk+T+gMybbRJ1gISf1XgdBDWaxi/Py\nnozIOXh3BG7zSmmWf9r6BqupWdiWHYgOQXc+n5+Z41HepKBWlF+gk16l14+iD5jt\nJk2qlbWPwkdwbU798Szp1cuINgp77CA2q3zzwpRD8E/fuIU/61s50Awah4QiXY+L\nVLu8hlYY1BtagNueK/mc/KfgkQBTcgfUORfRJsuE7GMuuJrBB1dgJYGRdjL0x6q1\ndBbtfHIeyXVaqzy8dExnunNwR+sjfi6sFx7LbMqoF98ZYpJJTQ/bb/DzOitWUGf/\nQ/pX5GDadgqZnNNHeDYPkv/vd5vy23Jl2VPZydcJFRQ7uTwlgVvrMJO8TcBWdOSQ\nV5rt+TdyVJVzM+8fKLs0UutcLLqk//NdkTttW+bkCmHlHTamhb29gBLt9bkCAwEA\nAQKCAgA4CAj7DFfybeEjUq8EN3ckjZQg/IEfSrzJGUW3vvcVrYbIFxDinpOG8TIZ\nFSDVOp4i7o4Cs90hevGLi/zccb8bGOa4Yo5Wuy7XsfGwx7q7Jzt36H20nSd2PRFB\ntf/g/xRx8DvosD13Stqf5vZpxaZsg5QF5j0aGELdR5ub5tW+nyPhU27mo8UzG5Gt\njZuoLjfKp1x0yUxdQ67wtr5ulmjaX33P8TzYd6P3j3r6xPFITlxVLf8bxj23hM+A\nU/VJm9ZuJC4kDDmc2y3ziy5Tdyitb1X13pyV+X5wtsAVVL5kEljMHPsLvNz92M50\nlLtLtvbsmstEfveQ0+0cVmRfGdZxz3IpmqCGBg8kmGMCEUuzAjjbv16uvPJrVbuM\nh/ZFEMLyVe89rJXO9tTriUupdWTmoaugBqufhJVPS5Nz9/0g5hxKJlV5KBaSOE0U\nVJlhqx1nOXgiPMdQGQZgQJGmmrX9C/M/SCnIvNbeef1VyKQl9X6K0r4JiKuge2Hx\nrIlpaM3ugimRdeyrfWcepY8JKRXDSfp+pzsYFveTaeunE76lSONyFhIfk9RTpZ4J\nIS12zCz0Lp7d1L749xtzuoVwdScQoatrhkb6o/ugmnzBFWd52m22fEqPxe8lX6Xr\nwCw7U6R6PNSql2FAP/ILjFntXHztVCZYs2gpycLzu1LRSDim4QKCAQEA2hB+QpoW\nlNQDCtsJNKZnvpNlibYaxNxL+1l8Y+OtWm5MHsiqWmOBmXdEdcETbTzacsopk0qS\nhlhRsXQO6juQ2uKq1XbfjCA0dtUEUZIrNF+JmpjPUqE1Ox6oO1LKxUmmWLUBOlXx\njDEk/nrs8zUan2EP9kUsS+3jczAJPtTbIz+ukJg1JONvTijA+4haKJSPjiMPkDmG\ndIFH+MB0wuldHCRiTbsrstrbVQdbj0xs7iArjDku4xcuiRNutAzzZC08v+GowWGA\nx11xPSWpfaFvaPUeLsaOsIGGSL9QoFzrRGKj2DPHyUWua38laSJplNjxlsaQo7Lb\nci6vRuLDKQqZnwKCAQEA7N2M8ISS51Dn3xLPwg3HngcnTJ7vPSvLW132nsGRKFLW\nGtKv8g0GLwW/NY35RTAnnclsAdkj96KQ/HEHE3O2XMUKH7KQ5uv08LdsvYybW2oJ\ndlGLOW5wW61JiEmENDHfK1pk+pU/l9nhb1jnAIyKBveGZlUZ5mHuMWxfdfHePzGA\nTYhaN0iFpruN31bX93eeVlHS1VH45PWsLClCFKOskQqdvJV8O4FuZ/YBLI1T/k6R\nB6R6kT5EfLLvwQgPwo6mZhdfBYLGFiuV1FDJVazTvKk7HNlBppWzM9t6QCSjXaho\nD7Dh1b19R5OE0Qveh7cMVl1venFPzmqYQsZOQaHhpwKCAQBVqMTwRLc6H05SpVgo\nZnW6Vww73F0Hl8IBKlXCp10heNJOBWVlvFDciA1MdFu9PXpSPTe3tEN6opb0rjJt\nsJhmY0PYNqn50WzKgUMBB/oQyLa1E/Hc85aFcrWDGDKu7Q97KR8iW0BXYba2gHMz\n1lhu4yHyC5oq+Xevd98p31N1tT5Nbnzx0KWYfknQhO9loXYCz6L9dJtsiJxNCszT\nA/ifZWt4PV4dE/u0mv9MeykPIXP50Typ2CFfl1KVR8EUSPDkLzCrRjHgHsSs0G6T\n+yZYhHEmzriefULSsNRrKhUA9/6En1KLreOmNnvroKj433+HStjmdQve/pe7sLgZ\nFyDhAoIBAQC2d725Ewfv9h2JdP5jKSZbkHsvxUfbQb94dRwlFEx0WcviAefUeUAI\nPU8dPG+IYx5BqQbxLYtNmwhBz/h5faxALvIrlO2XVrHsNgEozAZqF3eOlCbCaVdY\n6Fc7DBcx9jFLPmmHuC2zFv9ZPY1GmP1DfK8maex3030gybGINHjXCZUjJSUKbW24\nEcerA0V/t8BcEtBt0KYCC1dE9cuYBrZLTXhR7H41gPHCWHpzDbRktbV3w7c/6E3u\nGhIkC8fIQwfgoaRrpGBgd9cGJe3TeD3smhmVka/HWo8gJbU5cIABCFiRrdtrQnwe\nBYBNYe1dcx+n8HaORngKNYdx+T4TxVcFAoIBAFCol6eaaQAVEKS+BsEeR4y1jLFh\nFcrZOj4xzIWNoX+V/LqsT5IxEcqFD/1qa/C17eo6AWnejRyuVjYNrLi+3ZF1vAvV\nvcAZIdJVATgMfSa7R5fyVz+sumQ8qSyToshkXJZFmfuPbrFl7ik8uhk0s4ltyQX1\n0mW6UlGIsT8yKa5hrLK5szjJvsyk/G6cqPgfQsJ6GqYPYiLCnja5FU+AiW91Z+96\nu9jCKzQI47gjtGa2QNWAwE3vvsJ7WMYLHldhm8P9MdPnvXiumZB4NUXcUsEUad8R\nMTfnz3ALFDBUHViL5TKXDJGM2jJ6U0CQPpyQ+/p/w7f68CjDb2/Hg/pvd68=\n-----END RSA PRIVATE KEY-----\n",
      "type": "string",
      "sensitive": true
    }
  },
  "resources": [
    {
      "mode": "managed",
      "type": "aws_instance",
      "name": "sk-blue",
      "provider": "provider[\"registry.terraform.io/hashicorp/aws\"]",
      "instances": [
        {
          "schema_version": 1,
          "attributes": {
            "ami": "ami-0907008e2c2a9e429",
            "arn": "arn:aws:ec2:ap-south-1:027554127486:instance/i-0d862f07098a3d759",
            "associate_public_ip_address": true,
            "availability_zone": "ap-south-1b",
            "capacity_reservation_specification": [
              {
                "capacity_reservation_preference": "open",
                "capacity_reservation_target": []
              }
            ],
            "cpu_core_count": 1,
            "cpu_options": [
              {
                "amd_sev_snp": "",
                "core_count": 1,
                "threads_per_core": 2
              }
            ],
            "cpu_threads_per_core": 2,
            "credit_specification": [
              {
                "cpu_credits": "unlimited"
              }
            ],
            "disable_api_stop": false,
            "disable_api_termination": false,
            "ebs_block_device": [],
            "ebs_optimized": false,
            "enable_primary_ipv6": null,
            "enclave_options": [
              {
                "enabled": false
              }
            ],
            "ephemeral_block_device": [],
            "get_password_data": false,
            "hibernation": false,
            "host_id": "",
            "host_resource_group_arn": null,
            "iam_instance_profile": "",
            "id": "i-0d862f07098a3d759",
            "instance_initiated_shutdown_behavior": "stop",
            "instance_lifecycle": "",
            "instance_market_options": [],
            "instance_state": "running",
            "instance_type": "t3.micro",
            "ipv6_address_count": 0,
            "ipv6_addresses": [],
            "key_name": "sk-key-project1",
            "launch_template": [],
            "maintenance_options": [
              {
                "auto_recovery": "default"
              }
            ],
            "metadata_options": [
              {
                "http_endpoint": "enabled",
                "http_protocol_ipv6": "disabled",
                "http_put_response_hop_limit": 2,
                "http_tokens": "required",
                "instance_metadata_tags": "disabled"
              }
            ],
            "monitoring": false,
            "network_interface": [],
            "outpost_arn": "",
            "password_data": "",
            "placement_group": "",
            "placement_partition_number": 0,
            "primary_network_interface_id": "eni-04f180853e6d3c2b1",
            "private_dns": "ip-172-31-15-192.ap-south-1.compute.internal",
            "private_dns_name_options": [
              {
                "enable_resource_name_dns_a_record": false,
                "enable_resource_name_dns_aaaa_record": false,
                "hostname_type": "ip-name"
              }
            ],
            "private_ip": "172.31.15.192",
            "public_dns": "ec2-13-232-53-215.ap-south-1.compute.amazonaws.com",
            "public_ip": "13.232.53.215",
            "root_block_device": [
              {
                "delete_on_termination": true,
                "device_name": "/dev/sda1",
                "encrypted": false,
                "iops": 3000,
                "kms_key_id": "",
                "tags": {},
                "tags_all": {},
                "throughput": 125,
                "volume_id": "vol-043ec4f18b755321a",
                "volume_size": 30,
                "volume_type": "gp3"
              }
            ],
            "secondary_private_ips": [],
            "security_groups": [
              "allow_http"
            ],
            "source_dest_check": true,
            "spot_instance_request_id": "",
            "subnet_id": "subnet-0785db0e7f529554e",
            "tags": {
              "Name": "sk-blue"
            },
            "tags_all": {
              "Name": "sk-blue"
            },
            "tenancy": "default",
            "timeouts": null,
            "user_data": "39762faa32905b775f3fe17cce002837a2d9feb5",
            "user_data_base64": null,
            "user_data_replace_on_change": false,
            "volume_tags": null,
            "vpc_security_group_ids": [
              "sg-00dd18f358b97fad3"
            ]
          },
          "sensitive_attributes": [],
          "private": "eyJlMmJmYjczMC1lY2FhLTExZTYtOGY4OC0zNDM2M2JjN2M0YzAiOnsiY3JlYXRlIjo2MDAwMDAwMDAwMDAsImRlbGV0ZSI6MTIwMDAwMDAwMDAwMCwicmVhZCI6OTAwMDAwMDAwMDAwLCJ1cGRhdGUiOjYwMDAwMDAwMDAwMH0sInNjaGVtYV92ZXJzaW9uIjoiMSJ9",
          "dependencies": [
            "aws_key_pair.sk-key",
            "aws_security_group.allow_http",
            "tls_private_key.tlskey1"
          ]
        }
      ]
    },
    {
      "mode": "managed",
      "type": "aws_instance",
      "name": "sk-red",
      "provider": "provider[\"registry.terraform.io/hashicorp/aws\"]",
      "instances": [
        {
          "schema_version": 1,
          "attributes": {
            "ami": "ami-0907008e2c2a9e429",
            "arn": "arn:aws:ec2:ap-south-1:027554127486:instance/i-0674994971cdf220f",
            "associate_public_ip_address": true,
            "availability_zone": "ap-south-1b",
            "capacity_reservation_specification": [
              {
                "capacity_reservation_preference": "open",
                "capacity_reservation_target": []
              }
            ],
            "cpu_core_count": 1,
            "cpu_options": [
              {
                "amd_sev_snp": "",
                "core_count": 1,
                "threads_per_core": 2
              }
            ],
            "cpu_threads_per_core": 2,
            "credit_specification": [
              {
                "cpu_credits": "unlimited"
              }
            ],
            "disable_api_stop": false,
            "disable_api_termination": false,
            "ebs_block_device": [],
            "ebs_optimized": false,
            "enable_primary_ipv6": null,
            "enclave_options": [
              {
                "enabled": false
              }
            ],
            "ephemeral_block_device": [],
            "get_password_data": false,
            "hibernation": false,
            "host_id": "",
            "host_resource_group_arn": null,
            "iam_instance_profile": "",
            "id": "i-0674994971cdf220f",
            "instance_initiated_shutdown_behavior": "stop",
            "instance_lifecycle": "",
            "instance_market_options": [],
            "instance_state": "running",
            "instance_type": "t3.micro",
            "ipv6_address_count": 0,
            "ipv6_addresses": [],
            "key_name": "sk-key-project1",
            "launch_template": [],
            "maintenance_options": [
              {
                "auto_recovery": "default"
              }
            ],
            "metadata_options": [
              {
                "http_endpoint": "enabled",
                "http_protocol_ipv6": "disabled",
                "http_put_response_hop_limit": 2,
                "http_tokens": "required",
                "instance_metadata_tags": "disabled"
              }
            ],
            "monitoring": false,
            "network_interface": [],
            "outpost_arn": "",
            "password_data": "",
            "placement_group": "",
            "placement_partition_number": 0,
            "primary_network_interface_id": "eni-0b811569de022e583",
            "private_dns": "ip-172-31-11-195.ap-south-1.compute.internal",
            "private_dns_name_options": [
              {
                "enable_resource_name_dns_a_record": false,
                "enable_resource_name_dns_aaaa_record": false,
                "hostname_type": "ip-name"
              }
            ],
            "private_ip": "172.31.11.195",
            "public_dns": "ec2-3-109-54-68.ap-south-1.compute.amazonaws.com",
            "public_ip": "3.109.54.68",
            "root_block_device": [
              {
                "delete_on_termination": true,
                "device_name": "/dev/sda1",
                "encrypted": false,
                "iops": 3000,
                "kms_key_id": "",
                "tags": {},
                "tags_all": {},
                "throughput": 125,
                "volume_id": "vol-07294b940bf4fe150",
                "volume_size": 30,
                "volume_type": "gp3"
              }
            ],
            "secondary_private_ips": [],
            "security_groups": [
              "allow_http"
            ],
            "source_dest_check": true,
            "spot_instance_request_id": "",
            "subnet_id": "subnet-0785db0e7f529554e",
            "tags": {
              "Name": "sk-red"
            },
            "tags_all": {
              "Name": "sk-red"
            },
            "tenancy": "default",
            "timeouts": null,
            "user_data": "0a6e1ce705d90d0bf4ca8b680a5d2c4df1337ac3",
            "user_data_base64": null,
            "user_data_replace_on_change": false,
            "volume_tags": null,
            "vpc_security_group_ids": [
              "sg-00dd18f358b97fad3"
            ]
          },
          "sensitive_attributes": [],
          "private": "eyJlMmJmYjczMC1lY2FhLTExZTYtOGY4OC0zNDM2M2JjN2M0YzAiOnsiY3JlYXRlIjo2MDAwMDAwMDAwMDAsImRlbGV0ZSI6MTIwMDAwMDAwMDAwMCwicmVhZCI6OTAwMDAwMDAwMDAwLCJ1cGRhdGUiOjYwMDAwMDAwMDAwMH0sInNjaGVtYV92ZXJzaW9uIjoiMSJ9",
          "dependencies": [
            "aws_key_pair.sk-key",
            "aws_security_group.allow_http",
            "tls_private_key.tlskey1"
          ]
        }
      ]
    },
    {
      "mode": "managed",
      "type": "aws_key_pair",
      "name": "sk-key",
      "provider": "provider[\"registry.terraform.io/hashicorp/aws\"]",
      "instances": [
        {
          "schema_version": 1,
          "attributes": {
            "arn": "arn:aws:ec2:ap-south-1:027554127486:key-pair/sk-key-project1",
            "fingerprint": "67:69:08:c2:d5:97:99:5e:cf:a9:c3:66:21:b5:a3:86",
            "id": "sk-key-project1",
            "key_name": "sk-key-project1",
            "key_name_prefix": "",
            "key_pair_id": "key-061e76eb77320d70a",
            "key_type": "rsa",
            "public_key": "ssh-rsa AAAAB3NzaC1yc2EAAAADAQABAAACAQDJw+ywSvxE8uJsFINN2QAOeE0sdQ7oMs6nhq3BucQzYJx+ACBRr/eGiWkh+PAN47C/Bm1k9qhqkIcfz4GjQf20foGmVWPxR8ImftaEA8NGlRRa+lcON/vFjKb5POZUYYZ8EjL86Ffgm/1zXOyLB1Epqc+/Gnx1x3frcTcTRs2NSmp1IaYepSG+Edi+Yu29TC5C1FOqj2BNpQZAOHoOBYGHtoWst1/lu07e2lbKUsPCVHX6hNe9dX/ph7HAzueMHM69pUAk1GtA/uoKB+c5lCT5P6AzJttEnWAhJ/VeB0ENZrGL8/KejMg5eHcEbvNKaZZ/2voGq6lZ2JYdiA5Bdz6fn5njUd6koFaUX6CTXqXXj6IPmO0mTaqVtY/CR3BtTv3xLOnVy4g2CnvsIDarfPPClEPwT9+4hT/rWznQDBqHhCJdj4tUu7yGVhjUG1qA254r+Zz8p+CRAFNyB9Q5F9Emy4TsYy64msEHV2AlgZF2MvTHqrV0Fu18ch7JdVqrPLx0TGe6c3BH6yN+LqwXHstsyqgX3xlikklND9tv8PM6K1ZQZ/9D+lfkYNp2Cpmc00d4Ng+S/+93m/LbcmXZU9nJ1wkVFDu5PCWBW+swk7xNwFZ05JBXmu35N3JUlXMz7x8ouzRS61wsuqT/812RO21b5uQKYeUdNqaFvb2AEu31uQ==",
            "tags": null,
            "tags_all": {}
          },
          "sensitive_attributes": [],
          "private": "eyJzY2hlbWFfdmVyc2lvbiI6IjEifQ==",
          "dependencies": [
            "tls_private_key.tlskey1"
          ]
        }
      ]
    },
    {
      "mode": "managed",
      "type": "aws_lb",
      "name": "app_lb",
      "provider": "provider[\"registry.terraform.io/hashicorp/aws\"]",
      "instances": [
        {
          "schema_version": 0,
          "attributes": {
            "access_logs": [
              {
                "bucket": "",
                "enabled": false,
                "prefix": ""
              }
            ],
            "arn": "arn:aws:elasticloadbalancing:ap-south-1:027554127486:loadbalancer/app/app-lb/b78db61120e10fdb",
            "arn_suffix": "app/app-lb/b78db61120e10fdb",
            "client_keep_alive": 3600,
            "connection_logs": [
              {
                "bucket": "",
                "enabled": false,
                "prefix": ""
              }
            ],
            "customer_owned_ipv4_pool": "",
            "desync_mitigation_mode": "defensive",
            "dns_name": "app-lb-2014729604.ap-south-1.elb.amazonaws.com",
            "dns_record_client_routing_policy": null,
            "drop_invalid_header_fields": false,
            "enable_cross_zone_load_balancing": true,
            "enable_deletion_protection": false,
            "enable_http2": true,
            "enable_tls_version_and_cipher_suite_headers": false,
            "enable_waf_fail_open": false,
            "enable_xff_client_port": false,
            "enable_zonal_shift": false,
            "enforce_security_group_inbound_rules_on_private_link_traffic": "",
            "id": "arn:aws:elasticloadbalancing:ap-south-1:027554127486:loadbalancer/app/app-lb/b78db61120e10fdb",
            "idle_timeout": 60,
            "internal": false,
            "ip_address_type": "ipv4",
            "ipam_pools": [],
            "load_balancer_type": "application",
            "name": "app-lb",
            "name_prefix": "",
            "preserve_host_header": false,
            "security_groups": [
              "sg-00dd18f358b97fad3"
            ],
            "subnet_mapping": [
              {
                "allocation_id": "",
                "ipv6_address": "",
                "outpost_id": "",
                "private_ipv4_address": "",
                "subnet_id": "subnet-00e1a0f3de727f4bf"
              },
              {
                "allocation_id": "",
                "ipv6_address": "",
                "outpost_id": "",
                "private_ipv4_address": "",
                "subnet_id": "subnet-0785db0e7f529554e"
              }
            ],
            "subnets": [
              "subnet-00e1a0f3de727f4bf",
              "subnet-0785db0e7f529554e"
            ],
            "tags": null,
            "tags_all": {},
            "timeouts": null,
            "vpc_id": "vpc-0c668882a12e0e5b1",
            "xff_header_processing_mode": "append",
            "zone_id": "ZP97RAFLXTNZK"
          },
          "sensitive_attributes": [],
          "private": "eyJlMmJmYjczMC1lY2FhLTExZTYtOGY4OC0zNDM2M2JjN2M0YzAiOnsiY3JlYXRlIjo2MDAwMDAwMDAwMDAsImRlbGV0ZSI6NjAwMDAwMDAwMDAwLCJ1cGRhdGUiOjYwMDAwMDAwMDAwMH19",
          "dependencies": [
            "aws_security_group.allow_http"
          ]
        }
      ]
    },
    {
      "mode": "managed",
      "type": "aws_lb_listener",
      "name": "http",
      "provider": "provider[\"registry.terraform.io/hashicorp/aws\"]",
      "instances": [
        {
          "schema_version": 0,
          "attributes": {
            "alpn_policy": null,
            "arn": "arn:aws:elasticloadbalancing:ap-south-1:027554127486:listener/app/app-lb/b78db61120e10fdb/bee25e481191761d",
            "certificate_arn": null,
            "default_action": [
              {
                "authenticate_cognito": [],
                "authenticate_oidc": [],
                "fixed_response": [],
                "forward": [],
                "order": 1,
                "redirect": [],
                "target_group_arn": "arn:aws:elasticloadbalancing:ap-south-1:027554127486:targetgroup/app-tg/ecdfa990ed605bb7",
                "type": "forward"
              }
            ],
            "id": "arn:aws:elasticloadbalancing:ap-south-1:027554127486:listener/app/app-lb/b78db61120e10fdb/bee25e481191761d",
            "load_balancer_arn": "arn:aws:elasticloadbalancing:ap-south-1:027554127486:loadbalancer/app/app-lb/b78db61120e10fdb",
            "mutual_authentication": [],
            "port": 80,
            "protocol": "HTTP",
            "routing_http_request_x_amzn_mtls_clientcert_header_name": null,
            "routing_http_request_x_amzn_mtls_clientcert_issuer_header_name": null,
            "routing_http_request_x_amzn_mtls_clientcert_leaf_header_name": null,
            "routing_http_request_x_amzn_mtls_clientcert_serial_number_header_name": null,
            "routing_http_request_x_amzn_mtls_clientcert_subject_header_name": null,
            "routing_http_request_x_amzn_mtls_clientcert_validity_header_name": null,
            "routing_http_request_x_amzn_tls_cipher_suite_header_name": null,
            "routing_http_request_x_amzn_tls_version_header_name": null,
            "routing_http_response_access_control_allow_credentials_header_value": "",
            "routing_http_response_access_control_allow_headers_header_value": "",
            "routing_http_response_access_control_allow_methods_header_value": "",
            "routing_http_response_access_control_allow_origin_header_value": "",
            "routing_http_response_access_control_expose_headers_header_value": "",
            "routing_http_response_access_control_max_age_header_value": "",
            "routing_http_response_content_security_policy_header_value": "",
            "routing_http_response_server_enabled": false,
            "routing_http_response_strict_transport_security_header_value": "",
            "routing_http_response_x_content_type_options_header_value": "",
            "routing_http_response_x_frame_options_header_value": "",
            "ssl_policy": "",
            "tags": null,
            "tags_all": {},
            "tcp_idle_timeout_seconds": null,
            "timeouts": null
          },
          "sensitive_attributes": [],
          "private": "eyJlMmJmYjczMC1lY2FhLTExZTYtOGY4OC0zNDM2M2JjN2M0YzAiOnsiY3JlYXRlIjozMDAwMDAwMDAwMDAsInVwZGF0ZSI6MzAwMDAwMDAwMDAwfX0=",
          "dependencies": [
            "aws_lb.app_lb",
            "aws_lb_target_group.app_tg",
            "aws_security_group.allow_http"
          ]
        }
      ]
    },
    {
      "mode": "managed",
      "type": "aws_lb_target_group",
      "name": "app_tg",
      "provider": "provider[\"registry.terraform.io/hashicorp/aws\"]",
      "instances": [
        {
          "schema_version": 0,
          "attributes": {
            "arn": "arn:aws:elasticloadbalancing:ap-south-1:027554127486:targetgroup/app-tg/ecdfa990ed605bb7",
            "arn_suffix": "targetgroup/app-tg/ecdfa990ed605bb7",
            "connection_termination": null,
            "deregistration_delay": "300",
            "health_check": [
              {
                "enabled": true,
                "healthy_threshold": 5,
                "interval": 30,
                "matcher": "200",
                "path": "/",
                "port": "traffic-port",
                "protocol": "HTTP",
                "timeout": 5,
                "unhealthy_threshold": 2
              }
            ],
            "id": "arn:aws:elasticloadbalancing:ap-south-1:027554127486:targetgroup/app-tg/ecdfa990ed605bb7",
            "ip_address_type": "ipv4",
            "lambda_multi_value_headers_enabled": false,
            "load_balancer_arns": [],
            "load_balancing_algorithm_type": "round_robin",
            "load_balancing_anomaly_mitigation": "off",
            "load_balancing_cross_zone_enabled": "use_load_balancer_configuration",
            "name": "app-tg",
            "name_prefix": "",
            "port": 80,
            "preserve_client_ip": null,
            "protocol": "HTTP",
            "protocol_version": "HTTP1",
            "proxy_protocol_v2": false,
            "slow_start": 0,
            "stickiness": [
              {
                "cookie_duration": 86400,
                "cookie_name": "",
                "enabled": false,
                "type": "lb_cookie"
              }
            ],
            "tags": null,
            "tags_all": {},
            "target_failover": [
              {
                "on_deregistration": null,
                "on_unhealthy": null
              }
            ],
            "target_group_health": [
              {
                "dns_failover": [
                  {
                    "minimum_healthy_targets_count": "1",
                    "minimum_healthy_targets_percentage": "off"
                  }
                ],
                "unhealthy_state_routing": [
                  {
                    "minimum_healthy_targets_count": 1,
                    "minimum_healthy_targets_percentage": "off"
                  }
                ]
              }
            ],
            "target_health_state": [
              {
                "enable_unhealthy_connection_termination": null,
                "unhealthy_draining_interval": null
              }
            ],
            "target_type": "instance",
            "vpc_id": "vpc-0c668882a12e0e5b1"
          },
          "sensitive_attributes": [],
          "private": "bnVsbA=="
        }
      ]
    },
    {
      "mode": "managed",
      "type": "aws_lb_target_group_attachment",
      "name": "sk-blu",
      "provider": "provider[\"registry.terraform.io/hashicorp/aws\"]",
      "instances": [
        {
          "schema_version": 0,
          "attributes": {
            "availability_zone": null,
            "id": "arn:aws:elasticloadbalancing:ap-south-1:027554127486:targetgroup/app-tg/ecdfa990ed605bb7-20250416105847718000000003",
            "port": 80,
            "target_group_arn": "arn:aws:elasticloadbalancing:ap-south-1:027554127486:targetgroup/app-tg/ecdfa990ed605bb7",
            "target_id": "i-0d862f07098a3d759"
          },
          "sensitive_attributes": [],
          "private": "bnVsbA==",
          "dependencies": [
            "aws_instance.sk-blue",
            "aws_key_pair.sk-key",
            "aws_lb_target_group.app_tg",
            "aws_security_group.allow_http",
            "tls_private_key.tlskey1"
          ]
        }
      ]
    },
    {
      "mode": "managed",
      "type": "aws_lb_target_group_attachment",
      "name": "sk-red",
      "provider": "provider[\"registry.terraform.io/hashicorp/aws\"]",
      "instances": [
        {
          "schema_version": 0,
          "attributes": {
            "availability_zone": null,
            "id": "arn:aws:elasticloadbalancing:ap-south-1:027554127486:targetgroup/app-tg/ecdfa990ed605bb7-20250416105848317500000004",
            "port": 80,
            "target_group_arn": "arn:aws:elasticloadbalancing:ap-south-1:027554127486:targetgroup/app-tg/ecdfa990ed605bb7",
            "target_id": "i-0674994971cdf220f"
          },
          "sensitive_attributes": [],
          "private": "bnVsbA==",
          "dependencies": [
            "aws_instance.sk-red",
            "aws_key_pair.sk-key",
            "aws_lb_target_group.app_tg",
            "aws_security_group.allow_http",
            "tls_private_key.tlskey1"
          ]
        }
      ]
    },
    {
      "mode": "managed",
      "type": "aws_security_group",
      "name": "allow_http",
      "provider": "provider[\"registry.terraform.io/hashicorp/aws\"]",
      "instances": [
        {
          "schema_version": 1,
          "attributes": {
            "arn": "arn:aws:ec2:ap-south-1:027554127486:security-group/sg-00dd18f358b97fad3",
            "description": "Allow HTTP inbound traffic",
            "egress": [
              {
                "cidr_blocks": [
                  "0.0.0.0/0"
                ],
                "description": "",
                "from_port": 0,
                "ipv6_cidr_blocks": [],
                "prefix_list_ids": [],
                "protocol": "-1",
                "security_groups": [],
                "self": false,
                "to_port": 0
              }
            ],
            "id": "sg-00dd18f358b97fad3",
            "ingress": [
              {
                "cidr_blocks": [
                  "0.0.0.0/0"
                ],
                "description": "",
                "from_port": 80,
                "ipv6_cidr_blocks": [],
                "prefix_list_ids": [],
                "protocol": "tcp",
                "security_groups": [],
                "self": false,
                "to_port": 80
              }
            ],
            "name": "allow_http",
            "name_prefix": "",
            "owner_id": "027554127486",
            "revoke_rules_on_delete": false,
            "tags": null,
            "tags_all": {},
            "timeouts": null,
            "vpc_id": "vpc-0c668882a12e0e5b1"
          },
          "sensitive_attributes": [],
          "private": "eyJlMmJmYjczMC1lY2FhLTExZTYtOGY4OC0zNDM2M2JjN2M0YzAiOnsiY3JlYXRlIjo2MDAwMDAwMDAwMDAsImRlbGV0ZSI6OTAwMDAwMDAwMDAwfSwic2NoZW1hX3ZlcnNpb24iOiIxIn0="
        }
      ]
    },
    {
      "mode": "managed",
      "type": "tls_private_key",
      "name": "tlskey1",
      "provider": "provider[\"registry.terraform.io/hashicorp/tls\"]",
      "instances": [
        {
          "schema_version": 1,
          "attributes": {
            "algorithm": "RSA",
            "ecdsa_curve": "P224",
            "id": "6a8e736ccab41f2eb374810374725cdd0093d3b3",
            "private_key_openssh": "-----BEGIN OPENSSH PRIVATE KEY-----\nb3BlbnNzaC1rZXktdjEAAAAABG5vbmUAAAAEbm9uZQAAAAAAAAABAAACFwAAAAdz\nc2gtcnNhAAAAAwEAAQAAAgEAycPssEr8RPLibBSDTdkADnhNLHUO6DLOp4atwbnE\nM2CcfgAgUa/3holpIfjwDeOwvwZtZPaoapCHH8+Bo0H9tH6BplVj8UfCJn7WhAPD\nRpUUWvpXDjf7xYym+TzmVGGGfBIy/OhX4Jv9c1zsiwdRKanPvxp8dcd363E3E0bN\njUpqdSGmHqUhvhHYvmLtvUwuQtRTqo9gTaUGQDh6DgWBh7aFrLdf5btO3tpWylLD\nwlR1+oTXvXV/6YexwM7njBzOvaVAJNRrQP7qCgfnOZQk+T+gMybbRJ1gISf1XgdB\nDWaxi/PynozIOXh3BG7zSmmWf9r6BqupWdiWHYgOQXc+n5+Z41HepKBWlF+gk16l\n14+iD5jtJk2qlbWPwkdwbU798Szp1cuINgp77CA2q3zzwpRD8E/fuIU/61s50Awa\nh4QiXY+LVLu8hlYY1BtagNueK/mc/KfgkQBTcgfUORfRJsuE7GMuuJrBB1dgJYGR\ndjL0x6q1dBbtfHIeyXVaqzy8dExnunNwR+sjfi6sFx7LbMqoF98ZYpJJTQ/bb/Dz\nOitWUGf/Q/pX5GDadgqZnNNHeDYPkv/vd5vy23Jl2VPZydcJFRQ7uTwlgVvrMJO8\nTcBWdOSQV5rt+TdyVJVzM+8fKLs0UutcLLqk//NdkTttW+bkCmHlHTamhb29gBLt\n9bkAAAc4P2agUz9moFMAAAAHc3NoLXJzYQAAAgEAycPssEr8RPLibBSDTdkADnhN\nLHUO6DLOp4atwbnEM2CcfgAgUa/3holpIfjwDeOwvwZtZPaoapCHH8+Bo0H9tH6B\nplVj8UfCJn7WhAPDRpUUWvpXDjf7xYym+TzmVGGGfBIy/OhX4Jv9c1zsiwdRKanP\nvxp8dcd363E3E0bNjUpqdSGmHqUhvhHYvmLtvUwuQtRTqo9gTaUGQDh6DgWBh7aF\nrLdf5btO3tpWylLDwlR1+oTXvXV/6YexwM7njBzOvaVAJNRrQP7qCgfnOZQk+T+g\nMybbRJ1gISf1XgdBDWaxi/PynozIOXh3BG7zSmmWf9r6BqupWdiWHYgOQXc+n5+Z\n41HepKBWlF+gk16l14+iD5jtJk2qlbWPwkdwbU798Szp1cuINgp77CA2q3zzwpRD\n8E/fuIU/61s50Awah4QiXY+LVLu8hlYY1BtagNueK/mc/KfgkQBTcgfUORfRJsuE\n7GMuuJrBB1dgJYGRdjL0x6q1dBbtfHIeyXVaqzy8dExnunNwR+sjfi6sFx7LbMqo\nF98ZYpJJTQ/bb/DzOitWUGf/Q/pX5GDadgqZnNNHeDYPkv/vd5vy23Jl2VPZydcJ\nFRQ7uTwlgVvrMJO8TcBWdOSQV5rt+TdyVJVzM+8fKLs0UutcLLqk//NdkTttW+bk\nCmHlHTamhb29gBLt9bkAAAADAQABAAACADgICPsMV/Jt4SNSrwQ3dySNlCD8gR9K\nvMkZRbe+9xWthsgXEOKek4bxMhkVINU6niLujgKz3SF68YuL/NxxvxsY5rhijla7\nLtex8bDHursnO3fofbSdJ3Y9EUG1/+D/FHHwO+iwPXdK2p/m9mnFpmyDlAXmPRoY\nQt1Hm5vm1b6fI+FTbuajxTMbka2Nm6guN8qnXHTJTF1DrvC2vm6WaNpffc/xPNh3\no/ePevrE8UhOXFUt/xvGPbeEz4BT9Umb1m4kLiQMOZzbLfOLLlN3KK1vVfXenJX5\nfnC2wBVUvmQSWMwc+wu83P3YznSUu0u29uyay0R+95DT7RxWZF8Z1nHPcimaoIYG\nDySYYwIRS7MCONu/Xq688mtVu4yH9kUQwvJV7z2slc721OuJS6l1ZOahq6AGq5+E\nlU9Lk3P3/SDmHEomVXkoFpI4TRRUmWGrHWc5eCI8x1AZBmBAkaaatf0L8z9IKci8\n1t55/VXIpCX1forSvgmIq6B7YfGsiWloze6CKZF17Kt9Zx6ljwkpFcNJ+n6nOxgW\n95Np66cTvqVI43IWEh+T1FOlngkhLXbMLPQunt3Uvvj3G3O6hXB1JxChq2uGRvqj\n+6CafMEVZ3nabbZ8So/F7yVfpevALDtTpHo81KqXYUA/8guMWe1cfO1UJlizaCnJ\nwvO7UtFIOKbhAAABAFCol6eaaQAVEKS+BsEeR4y1jLFhFcrZOj4xzIWNoX+V/Lqs\nT5IxEcqFD/1qa/C17eo6AWnejRyuVjYNrLi+3ZF1vAvVvcAZIdJVATgMfSa7R5fy\nVz+sumQ8qSyToshkXJZFmfuPbrFl7ik8uhk0s4ltyQX10mW6UlGIsT8yKa5hrLK5\nszjJvsyk/G6cqPgfQsJ6GqYPYiLCnja5FU+AiW91Z+96u9jCKzQI47gjtGa2QNWA\nwE3vvsJ7WMYLHldhm8P9MdPnvXiumZB4NUXcUsEUad8RMTfnz3ALFDBUHViL5TKX\nDJGM2jJ6U0CQPpyQ+/p/w7f68CjDb2/Hg/pvd68AAAEBANoQfkKaFpTUAwrbCTSm\nZ76TZYm2GsTcS/tZfGPjrVpuTB7IqlpjgZl3RHXBE2082nLKKZNKkoZYUbF0Duo7\nkNriqtV234wgNHbVBFGSKzRfiZqYz1KhNTseqDtSysVJpli1ATpV8YwxJP567PM1\nGp9hD/ZFLEvt43MwCT7U2yM/rpCYNSTjb04owPuIWiiUj44jD5A5hnSBR/jAdMLp\nXRwkYk27K7La21UHW49MbO4gK4w5LuMXLokTbrQM82QtPL/hqMFhgMddcT0lqX2h\nb2j1Hi7GjrCBhki/UKBc60Rio9gzx8lFrmt/JWkiaZTY8ZbGkKOy23Iur0biwykK\nmZ8AAAEBAOzdjPCEkudQ598Sz8INx54HJ0ye7z0ry1td9p7BkShS1hrSr/INBi8F\nvzWN+UUwJ53JbAHZI/eikPxxBxNztlzFCh+ykObr9PC3bL2Mm1tqCXZRizlucFut\nSYhJhDQx3ytaZPqVP5fZ4W9Y5wCMigb3hmZVGeZh7jFsX3Xx3j8xgE2IWjdIhaa7\njd9W1/d3nlZR0tVR+OT1rCwpQhSjrJEKnbyVfDuBbmf2ASyNU/5OkQekepE+RHyy\n78EID8KOpmYXXwWCxhYrldRQyVWs07ypOxzZQaaVszPbekAko12oaA+w4dW9fUeT\nhNEL3oe3DFZdb3pxT85qmELGTkGh4acAAAAAAQID\n-----END OPENSSH PRIVATE KEY-----\n",
            "private_key_pem": "-----BEGIN RSA PRIVATE KEY-----\nMIIJKAIBAAKCAgEAycPssEr8RPLibBSDTdkADnhNLHUO6DLOp4atwbnEM2CcfgAg\nUa/3holpIfjwDeOwvwZtZPaoapCHH8+Bo0H9tH6BplVj8UfCJn7WhAPDRpUUWvpX\nDjf7xYym+TzmVGGGfBIy/OhX4Jv9c1zsiwdRKanPvxp8dcd363E3E0bNjUpqdSGm\nHqUhvhHYvmLtvUwuQtRTqo9gTaUGQDh6DgWBh7aFrLdf5btO3tpWylLDwlR1+oTX\nvXV/6YexwM7njBzOvaVAJNRrQP7qCgfnOZQk+T+gMybbRJ1gISf1XgdBDWaxi/Py\nnozIOXh3BG7zSmmWf9r6BqupWdiWHYgOQXc+n5+Z41HepKBWlF+gk16l14+iD5jt\nJk2qlbWPwkdwbU798Szp1cuINgp77CA2q3zzwpRD8E/fuIU/61s50Awah4QiXY+L\nVLu8hlYY1BtagNueK/mc/KfgkQBTcgfUORfRJsuE7GMuuJrBB1dgJYGRdjL0x6q1\ndBbtfHIeyXVaqzy8dExnunNwR+sjfi6sFx7LbMqoF98ZYpJJTQ/bb/DzOitWUGf/\nQ/pX5GDadgqZnNNHeDYPkv/vd5vy23Jl2VPZydcJFRQ7uTwlgVvrMJO8TcBWdOSQ\nV5rt+TdyVJVzM+8fKLs0UutcLLqk//NdkTttW+bkCmHlHTamhb29gBLt9bkCAwEA\nAQKCAgA4CAj7DFfybeEjUq8EN3ckjZQg/IEfSrzJGUW3vvcVrYbIFxDinpOG8TIZ\nFSDVOp4i7o4Cs90hevGLi/zccb8bGOa4Yo5Wuy7XsfGwx7q7Jzt36H20nSd2PRFB\ntf/g/xRx8DvosD13Stqf5vZpxaZsg5QF5j0aGELdR5ub5tW+nyPhU27mo8UzG5Gt\njZuoLjfKp1x0yUxdQ67wtr5ulmjaX33P8TzYd6P3j3r6xPFITlxVLf8bxj23hM+A\nU/VJm9ZuJC4kDDmc2y3ziy5Tdyitb1X13pyV+X5wtsAVVL5kEljMHPsLvNz92M50\nlLtLtvbsmstEfveQ0+0cVmRfGdZxz3IpmqCGBg8kmGMCEUuzAjjbv16uvPJrVbuM\nh/ZFEMLyVe89rJXO9tTriUupdWTmoaugBqufhJVPS5Nz9/0g5hxKJlV5KBaSOE0U\nVJlhqx1nOXgiPMdQGQZgQJGmmrX9C/M/SCnIvNbeef1VyKQl9X6K0r4JiKuge2Hx\nrIlpaM3ugimRdeyrfWcepY8JKRXDSfp+pzsYFveTaeunE76lSONyFhIfk9RTpZ4J\nIS12zCz0Lp7d1L749xtzuoVwdScQoatrhkb6o/ugmnzBFWd52m22fEqPxe8lX6Xr\nwCw7U6R6PNSql2FAP/ILjFntXHztVCZYs2gpycLzu1LRSDim4QKCAQEA2hB+QpoW\nlNQDCtsJNKZnvpNlibYaxNxL+1l8Y+OtWm5MHsiqWmOBmXdEdcETbTzacsopk0qS\nhlhRsXQO6juQ2uKq1XbfjCA0dtUEUZIrNF+JmpjPUqE1Ox6oO1LKxUmmWLUBOlXx\njDEk/nrs8zUan2EP9kUsS+3jczAJPtTbIz+ukJg1JONvTijA+4haKJSPjiMPkDmG\ndIFH+MB0wuldHCRiTbsrstrbVQdbj0xs7iArjDku4xcuiRNutAzzZC08v+GowWGA\nx11xPSWpfaFvaPUeLsaOsIGGSL9QoFzrRGKj2DPHyUWua38laSJplNjxlsaQo7Lb\nci6vRuLDKQqZnwKCAQEA7N2M8ISS51Dn3xLPwg3HngcnTJ7vPSvLW132nsGRKFLW\nGtKv8g0GLwW/NY35RTAnnclsAdkj96KQ/HEHE3O2XMUKH7KQ5uv08LdsvYybW2oJ\ndlGLOW5wW61JiEmENDHfK1pk+pU/l9nhb1jnAIyKBveGZlUZ5mHuMWxfdfHePzGA\nTYhaN0iFpruN31bX93eeVlHS1VH45PWsLClCFKOskQqdvJV8O4FuZ/YBLI1T/k6R\nB6R6kT5EfLLvwQgPwo6mZhdfBYLGFiuV1FDJVazTvKk7HNlBppWzM9t6QCSjXaho\nD7Dh1b19R5OE0Qveh7cMVl1venFPzmqYQsZOQaHhpwKCAQBVqMTwRLc6H05SpVgo\nZnW6Vww73F0Hl8IBKlXCp10heNJOBWVlvFDciA1MdFu9PXpSPTe3tEN6opb0rjJt\nsJhmY0PYNqn50WzKgUMBB/oQyLa1E/Hc85aFcrWDGDKu7Q97KR8iW0BXYba2gHMz\n1lhu4yHyC5oq+Xevd98p31N1tT5Nbnzx0KWYfknQhO9loXYCz6L9dJtsiJxNCszT\nA/ifZWt4PV4dE/u0mv9MeykPIXP50Typ2CFfl1KVR8EUSPDkLzCrRjHgHsSs0G6T\n+yZYhHEmzriefULSsNRrKhUA9/6En1KLreOmNnvroKj433+HStjmdQve/pe7sLgZ\nFyDhAoIBAQC2d725Ewfv9h2JdP5jKSZbkHsvxUfbQb94dRwlFEx0WcviAefUeUAI\nPU8dPG+IYx5BqQbxLYtNmwhBz/h5faxALvIrlO2XVrHsNgEozAZqF3eOlCbCaVdY\n6Fc7DBcx9jFLPmmHuC2zFv9ZPY1GmP1DfK8maex3030gybGINHjXCZUjJSUKbW24\nEcerA0V/t8BcEtBt0KYCC1dE9cuYBrZLTXhR7H41gPHCWHpzDbRktbV3w7c/6E3u\nGhIkC8fIQwfgoaRrpGBgd9cGJe3TeD3smhmVka/HWo8gJbU5cIABCFiRrdtrQnwe\nBYBNYe1dcx+n8HaORngKNYdx+T4TxVcFAoIBAFCol6eaaQAVEKS+BsEeR4y1jLFh\nFcrZOj4xzIWNoX+V/LqsT5IxEcqFD/1qa/C17eo6AWnejRyuVjYNrLi+3ZF1vAvV\nvcAZIdJVATgMfSa7R5fyVz+sumQ8qSyToshkXJZFmfuPbrFl7ik8uhk0s4ltyQX1\n0mW6UlGIsT8yKa5hrLK5szjJvsyk/G6cqPgfQsJ6GqYPYiLCnja5FU+AiW91Z+96\nu9jCKzQI47gjtGa2QNWAwE3vvsJ7WMYLHldhm8P9MdPnvXiumZB4NUXcUsEUad8R\nMTfnz3ALFDBUHViL5TKXDJGM2jJ6U0CQPpyQ+/p/w7f68CjDb2/Hg/pvd68=\n-----END RSA PRIVATE KEY-----\n",
            "private_key_pem_pkcs8": "-----BEGIN PRIVATE KEY-----\nMIIJQgIBADANBgkqhkiG9w0BAQEFAASCCSwwggkoAgEAAoICAQDJw+ywSvxE8uJs\nFINN2QAOeE0sdQ7oMs6nhq3BucQzYJx+ACBRr/eGiWkh+PAN47C/Bm1k9qhqkIcf\nz4GjQf20foGmVWPxR8ImftaEA8NGlRRa+lcON/vFjKb5POZUYYZ8EjL86Ffgm/1z\nXOyLB1Epqc+/Gnx1x3frcTcTRs2NSmp1IaYepSG+Edi+Yu29TC5C1FOqj2BNpQZA\nOHoOBYGHtoWst1/lu07e2lbKUsPCVHX6hNe9dX/ph7HAzueMHM69pUAk1GtA/uoK\nB+c5lCT5P6AzJttEnWAhJ/VeB0ENZrGL8/KejMg5eHcEbvNKaZZ/2voGq6lZ2JYd\niA5Bdz6fn5njUd6koFaUX6CTXqXXj6IPmO0mTaqVtY/CR3BtTv3xLOnVy4g2Cnvs\nIDarfPPClEPwT9+4hT/rWznQDBqHhCJdj4tUu7yGVhjUG1qA254r+Zz8p+CRAFNy\nB9Q5F9Emy4TsYy64msEHV2AlgZF2MvTHqrV0Fu18ch7JdVqrPLx0TGe6c3BH6yN+\nLqwXHstsyqgX3xlikklND9tv8PM6K1ZQZ/9D+lfkYNp2Cpmc00d4Ng+S/+93m/Lb\ncmXZU9nJ1wkVFDu5PCWBW+swk7xNwFZ05JBXmu35N3JUlXMz7x8ouzRS61wsuqT/\n812RO21b5uQKYeUdNqaFvb2AEu31uQIDAQABAoICADgICPsMV/Jt4SNSrwQ3dySN\nlCD8gR9KvMkZRbe+9xWthsgXEOKek4bxMhkVINU6niLujgKz3SF68YuL/NxxvxsY\n5rhijla7Ltex8bDHursnO3fofbSdJ3Y9EUG1/+D/FHHwO+iwPXdK2p/m9mnFpmyD\nlAXmPRoYQt1Hm5vm1b6fI+FTbuajxTMbka2Nm6guN8qnXHTJTF1DrvC2vm6WaNpf\nfc/xPNh3o/ePevrE8UhOXFUt/xvGPbeEz4BT9Umb1m4kLiQMOZzbLfOLLlN3KK1v\nVfXenJX5fnC2wBVUvmQSWMwc+wu83P3YznSUu0u29uyay0R+95DT7RxWZF8Z1nHP\ncimaoIYGDySYYwIRS7MCONu/Xq688mtVu4yH9kUQwvJV7z2slc721OuJS6l1ZOah\nq6AGq5+ElU9Lk3P3/SDmHEomVXkoFpI4TRRUmWGrHWc5eCI8x1AZBmBAkaaatf0L\n8z9IKci81t55/VXIpCX1forSvgmIq6B7YfGsiWloze6CKZF17Kt9Zx6ljwkpFcNJ\n+n6nOxgW95Np66cTvqVI43IWEh+T1FOlngkhLXbMLPQunt3Uvvj3G3O6hXB1JxCh\nq2uGRvqj+6CafMEVZ3nabbZ8So/F7yVfpevALDtTpHo81KqXYUA/8guMWe1cfO1U\nJlizaCnJwvO7UtFIOKbhAoIBAQDaEH5CmhaU1AMK2wk0pme+k2WJthrE3Ev7WXxj\n461abkweyKpaY4GZd0R1wRNtPNpyyimTSpKGWFGxdA7qO5Da4qrVdt+MIDR21QRR\nkis0X4mamM9SoTU7Hqg7UsrFSaZYtQE6VfGMMST+euzzNRqfYQ/2RSxL7eNzMAk+\n1NsjP66QmDUk429OKMD7iFoolI+OIw+QOYZ0gUf4wHTC6V0cJGJNuyuy2ttVB1uP\nTGzuICuMOS7jFy6JE260DPNkLTy/4ajBYYDHXXE9Jal9oW9o9R4uxo6wgYZIv1Cg\nXOtEYqPYM8fJRa5rfyVpImmU2PGWxpCjsttyLq9G4sMpCpmfAoIBAQDs3YzwhJLn\nUOffEs/CDceeBydMnu89K8tbXfaewZEoUtYa0q/yDQYvBb81jflFMCedyWwB2SP3\nopD8cQcTc7ZcxQofspDm6/Twt2y9jJtbagl2UYs5bnBbrUmISYQ0Md8rWmT6lT+X\n2eFvWOcAjIoG94ZmVRnmYe4xbF918d4/MYBNiFo3SIWmu43fVtf3d55WUdLVUfjk\n9awsKUIUo6yRCp28lXw7gW5n9gEsjVP+TpEHpHqRPkR8su/BCA/CjqZmF18FgsYW\nK5XUUMlVrNO8qTsc2UGmlbMz23pAJKNdqGgPsOHVvX1Hk4TRC96HtwxWXW96cU/O\naphCxk5BoeGnAoIBAFWoxPBEtzofTlKlWChmdbpXDDvcXQeXwgEqVcKnXSF40k4F\nZWW8UNyIDUx0W709elI9N7e0Q3qilvSuMm2wmGZjQ9g2qfnRbMqBQwEH+hDItrUT\n8dzzloVytYMYMq7tD3spHyJbQFdhtraAczPWWG7jIfILmir5d6933ynfU3W1Pk1u\nfPHQpZh+SdCE72WhdgLPov10m2yInE0KzNMD+J9la3g9Xh0T+7Sa/0x7KQ8hc/nR\nPKnYIV+XUpVHwRRI8OQvMKtGMeAexKzQbpP7JliEcSbOuJ59QtKw1GsqFQD3/oSf\nUout46Y2e+ugqPjff4dK2OZ1C97+l7uwuBkXIOECggEBALZ3vbkTB+/2HYl0/mMp\nJluQey/FR9tBv3h1HCUUTHRZy+IB59R5QAg9Tx08b4hjHkGpBvEti02bCEHP+Hl9\nrEAu8iuU7ZdWsew2ASjMBmoXd46UJsJpV1joVzsMFzH2MUs+aYe4LbMW/1k9jUaY\n/UN8ryZp7HfTfSDJsYg0eNcJlSMlJQptbbgRx6sDRX+3wFwS0G3QpgILV0T1y5gG\ntktNeFHsfjWA8cJYenMNtGS1tXfDtz/oTe4aEiQLx8hDB+ChpGukYGB31wYl7dN4\nPeyaGZWRr8dajyAltTlwgAEIWJGt22tCfB4FgE1h7V1zH6fwdo5GeAo1h3H5PhPF\nVwUCggEAUKiXp5ppABUQpL4GwR5HjLWMsWEVytk6PjHMhY2hf5X8uqxPkjERyoUP\n/Wpr8LXt6joBad6NHK5WNg2suL7dkXW8C9W9wBkh0lUBOAx9JrtHl/JXP6y6ZDyp\nLJOiyGRclkWZ+49usWXuKTy6GTSziW3JBfXSZbpSUYixPzIprmGssrmzOMm+zKT8\nbpyo+B9Cwnoapg9iIsKeNrkVT4CJb3Vn73q72MIrNAjjuCO0ZrZA1YDATe++wntY\nxgseV2Gbw/0x0+e9eK6ZkHg1RdxSwRRp3xExN+fPcAsUMFQdWIvlMpcMkYzaMnpT\nQJA+nJD7+n/Dt/rwKMNvb8eD+m93rw==\n-----END PRIVATE KEY-----\n",
            "public_key_fingerprint_md5": "9d:56:ab:45:1d:e5:1c:91:c9:34:5c:64:35:ef:33:91",
            "public_key_fingerprint_sha256": "SHA256:NhC6C83Q3wkLacvQlKlUV3gbPki7sahvn2hxQEx7IA4",
            "public_key_openssh": "ssh-rsa AAAAB3NzaC1yc2EAAAADAQABAAACAQDJw+ywSvxE8uJsFINN2QAOeE0sdQ7oMs6nhq3BucQzYJx+ACBRr/eGiWkh+PAN47C/Bm1k9qhqkIcfz4GjQf20foGmVWPxR8ImftaEA8NGlRRa+lcON/vFjKb5POZUYYZ8EjL86Ffgm/1zXOyLB1Epqc+/Gnx1x3frcTcTRs2NSmp1IaYepSG+Edi+Yu29TC5C1FOqj2BNpQZAOHoOBYGHtoWst1/lu07e2lbKUsPCVHX6hNe9dX/ph7HAzueMHM69pUAk1GtA/uoKB+c5lCT5P6AzJttEnWAhJ/VeB0ENZrGL8/KejMg5eHcEbvNKaZZ/2voGq6lZ2JYdiA5Bdz6fn5njUd6koFaUX6CTXqXXj6IPmO0mTaqVtY/CR3BtTv3xLOnVy4g2CnvsIDarfPPClEPwT9+4hT/rWznQDBqHhCJdj4tUu7yGVhjUG1qA254r+Zz8p+CRAFNyB9Q5F9Emy4TsYy64msEHV2AlgZF2MvTHqrV0Fu18ch7JdVqrPLx0TGe6c3BH6yN+LqwXHstsyqgX3xlikklND9tv8PM6K1ZQZ/9D+lfkYNp2Cpmc00d4Ng+S/+93m/LbcmXZU9nJ1wkVFDu5PCWBW+swk7xNwFZ05JBXmu35N3JUlXMz7x8ouzRS61wsuqT/812RO21b5uQKYeUdNqaFvb2AEu31uQ==\n",
            "public_key_pem": "-----BEGIN PUBLIC KEY-----\nMIICIjANBgkqhkiG9w0BAQEFAAOCAg8AMIICCgKCAgEAycPssEr8RPLibBSDTdkA\nDnhNLHUO6DLOp4atwbnEM2CcfgAgUa/3holpIfjwDeOwvwZtZPaoapCHH8+Bo0H9\ntH6BplVj8UfCJn7WhAPDRpUUWvpXDjf7xYym+TzmVGGGfBIy/OhX4Jv9c1zsiwdR\nKanPvxp8dcd363E3E0bNjUpqdSGmHqUhvhHYvmLtvUwuQtRTqo9gTaUGQDh6DgWB\nh7aFrLdf5btO3tpWylLDwlR1+oTXvXV/6YexwM7njBzOvaVAJNRrQP7qCgfnOZQk\n+T+gMybbRJ1gISf1XgdBDWaxi/PynozIOXh3BG7zSmmWf9r6BqupWdiWHYgOQXc+\nn5+Z41HepKBWlF+gk16l14+iD5jtJk2qlbWPwkdwbU798Szp1cuINgp77CA2q3zz\nwpRD8E/fuIU/61s50Awah4QiXY+LVLu8hlYY1BtagNueK/mc/KfgkQBTcgfUORfR\nJsuE7GMuuJrBB1dgJYGRdjL0x6q1dBbtfHIeyXVaqzy8dExnunNwR+sjfi6sFx7L\nbMqoF98ZYpJJTQ/bb/DzOitWUGf/Q/pX5GDadgqZnNNHeDYPkv/vd5vy23Jl2VPZ\nydcJFRQ7uTwlgVvrMJO8TcBWdOSQV5rt+TdyVJVzM+8fKLs0UutcLLqk//NdkTtt\nW+bkCmHlHTamhb29gBLt9bkCAwEAAQ==\n-----END PUBLIC KEY-----\n",
            "rsa_bits": 4096
          },
          "sensitive_attributes": [
            [
              {
                "type": "get_attr",
                "value": "private_key_openssh"
              }
            ],
            [
              {
                "type": "get_attr",
                "value": "private_key_pem_pkcs8"
              }
            ],
            [
              {
                "type": "get_attr",
                "value": "private_key_pem"
              }
            ]
          ]
        }
      ]
    }
  ],
  "check_results": null
}
